
Microsoft Visual Studio Solution File, Format Version 12.00
# Visual Studio Version 16
VisualStudioVersion = 16.0.32413.511
MinimumVisualStudioVersion = 10.0.40219.1
Project("{FAE04EC0-301F-11D3-BF4B-00C04F79EFBC}") = "PlayerRotateMod", "PlayerRotateMod\PlayerRotateMod.csproj", "{819A8E0D-9797-4FB4-B6C8-576832C73FAB}"
EndProject
Global
	GlobalSection(SolutionConfigurationPlatforms) = preSolution
		Debug|Any CPU = Debug|Any CPU
		Release|Any CPU = Release|Any CPU
	EndGlobalSection
	GlobalSection(ProjectConfigurationPlatforms) = postSolution
		{819A8E0D-9797-4FB4-B6C8-576832C73FAB}.Debug|Any CPU.ActiveCfg = Debug|Any CPU
		{819A8E0D-9797-4FB4-B6C8-576832C73FAB}.Debug|Any CPU.Build.0 = Debug|Any CPU
		{819A8E0D-9797-4FB4-B6C8-576832C73FAB}.Release|Any CPU.ActiveCfg = Release|Any CPU
		{819A8E0D-9797-4FB4-B6C8-576832C73FAB}.Release|Any CPU.Build.0 = Release|Any CPU
	EndGlobalSection
	GlobalSection(SolutionProperties) = preSolution
		HideSolutionNode = FALSE
	EndGlobalSection
	GlobalSection(ExtensibilityGlobals) = postSolution
		SolutionGuid = {6F986608-0A63-4B55-B402-38A94855BD7F}
	EndGlobalSection
EndGlobal
